
Microsoft Visual Studio Solution File, Format Version 12.00
Project("{FAE04EC0-301F-11D3-BF4B-00C04F79EFBC}") = "MicroEngine", "MicroEngine\MicroEngine.csproj", "{C390C261-720A-4BE6-9074-DA5AD87B66C3}"
EndProject
Project("{FAE04EC0-301F-11D3-BF4B-00C04F79EFBC}") = "MicroEngineDemoApp", "MicroEngineDemoApp\MicroEngineDemoApp.csproj", "{BE32C527-7262-4408-A6E8-06B50486E441}"
EndProject
Project("{FAE04EC0-301F-11D3-BF4B-00C04F79EFBC}") = "MicroEngine.Extensions", "MicroEngine.Extensions\MicroEngine.Extensions.csproj", "{E3D386F7-AB78-46F1-BE61-57D0812183A4}"
EndProject
Project("{FAE04EC0-301F-11D3-BF4B-00C04F79EFBC}") = "MicroEngine.Audio", "MicroEngine.Audio\MicroEngine.Audio.csproj", "{C170DCE7-0E54-4712-8B7D-32A0AD8BBD84}"
EndProject
Project("{2150E333-8FDC-42A3-9474-1A3956D46DE8}") = "Demos", "Demos", "{2FADF165-1C66-48F1-8C63-6EDA0403B8AD}"
EndProject
Project("{2150E333-8FDC-42A3-9474-1A3956D46DE8}") = "Audio", "Audio", "{12EEBA60-33E1-42FA-ABCC-D12389392CE4}"
EndProject
Project("{FAE04EC0-301F-11D3-BF4B-00C04F79EFBC}") = "MicroEngine.Demos.Audio.MixerDemo", "MicroEngine.Demos.Audio.MixerDemo\MicroEngine.Demos.Audio.MixerDemo.csproj", "{2E81DDFE-178F-44FF-9A30-93C41F8FE42B}"
EndProject
Project("{FAE04EC0-301F-11D3-BF4B-00C04F79EFBC}") = "MicroEngine.Demos.Audio.SimpleSoundDemo", "MicroEngine.Demos.Audio.SimpleSoundDemo\MicroEngine.Demos.Audio.SimpleSoundDemo.csproj", "{EC88383F-B221-4BDF-94CC-EA77889BB7FF}"
EndProject
Project("{FAE04EC0-301F-11D3-BF4B-00C04F79EFBC}") = "MicroEngine.Demos.Audio.SoundBufferWithChangingDataDemo", "MicroEngine.Demos.Audio.SoundBufferWithChangingDataDemo\MicroEngine.Demos.Audio.SoundBufferWithChangingDataDemo.csproj", "{EC16AADC-B46C-4E30-A96E-E9AC74665D2C}"
EndProject
Project("{FAE04EC0-301F-11D3-BF4B-00C04F79EFBC}") = "MicroEngine.Demos.Audio.WaveLoaderDemo", "MicroEngine.Demos.Audio.WaveLoaderDemo\MicroEngine.Demos.Audio.WaveLoaderDemo.csproj", "{37299F00-F0F1-4E0F-BDCE-229B3B506F69}"
EndProject
Project("{FAE04EC0-301F-11D3-BF4B-00C04F79EFBC}") = "MicroEngine.Demos.Audio.SoundSourceStreamingDataDemo", "MicroEngine.Demos.Audio.SoundSourceStreamingDataDemo\MicroEngine.Demos.Audio.SoundSourceStreamingDataDemo.csproj", "{7F072D3A-67AB-4FC6-BC5A-36D1ACE8D452}"
EndProject
Project("{2150E333-8FDC-42A3-9474-1A3956D46DE8}") = "GL", "GL", "{1B8EB950-75C8-49D6-8936-15491340DD84}"
EndProject
Project("{FAE04EC0-301F-11D3-BF4B-00C04F79EFBC}") = "MicroEngine.Demos.GL.RotatingCubeDemo", "MicroEngine.Demos.GL.RotatingCubeDemo\MicroEngine.Demos.GL.RotatingCubeDemo.csproj", "{A3038F10-E6BB-4F7E-A78A-9AE5E78F38A4}"
EndProject
Project("{FAE04EC0-301F-11D3-BF4B-00C04F79EFBC}") = "MicroEngine.Demos.Audio.AmigaModPlayerDemo", "MicroEngine.Demos.Audio.AmigaModPlayerDemo\MicroEngine.Demos.Audio.AmigaModPlayerDemo.csproj", "{BCC45CAA-7948-4318-BC91-6DDBE44D11AD}"
EndProject
Project("{FAE04EC0-301F-11D3-BF4B-00C04F79EFBC}") = "MicroEngine.Extensions.Audio", "MicroEngine.Extensions.Audio\MicroEngine.Extensions.Audio.csproj", "{2F757501-C020-4BBE-8AFB-32F30EB3AD70}"
EndProject
Project("{FAE04EC0-301F-11D3-BF4B-00C04F79EFBC}") = "MicroEngine.Demos.Audio.SpatialAudioDemo", "MicroEngine.Demos.Audio.SpatialAudioDemo\MicroEngine.Demos.Audio.SpatialAudioDemo.csproj", "{B2C88AD9-8204-4513-B1E4-828AFF91CBB1}"
EndProject
Project("{FAE04EC0-301F-11D3-BF4B-00C04F79EFBC}") = "MicroEngine.Physics", "MicroEngine.Physics\MicroEngine.Physics.csproj", "{107A74C6-B461-44B1-A793-0AD9E6A29E65}"
EndProject
Project("{2150E333-8FDC-42A3-9474-1A3956D46DE8}") = "Tools", "Tools", "{14CAFE45-A9F4-4E97-B4F9-9AD6ABCA1692}"
EndProject
Project("{FAE04EC0-301F-11D3-BF4B-00C04F79EFBC}") = "MicroEngine.Tools.FontGen", "MicroEngine.Tools.FontGen\MicroEngine.Tools.FontGen.csproj", "{29369BE6-7BBC-4BFC-B430-BF5CB322EC93}"
EndProject
Project("{FAE04EC0-301F-11D3-BF4B-00C04F79EFBC}") = "MicroEngine.PhysicsNg", "MicroEngine.PhysicsNg\MicroEngine.PhysicsNg.csproj", "{5CAEB5A1-7ACE-444A-94C1-61C4C11105FA}"
EndProject
Global
	GlobalSection(SolutionConfigurationPlatforms) = preSolution
		Debug|Any CPU = Debug|Any CPU
		Release|Any CPU = Release|Any CPU
	EndGlobalSection
	GlobalSection(ProjectConfigurationPlatforms) = postSolution
		{C390C261-720A-4BE6-9074-DA5AD87B66C3}.Debug|Any CPU.ActiveCfg = Debug|Any CPU
		{C390C261-720A-4BE6-9074-DA5AD87B66C3}.Debug|Any CPU.Build.0 = Debug|Any CPU
		{C390C261-720A-4BE6-9074-DA5AD87B66C3}.Release|Any CPU.ActiveCfg = Release|Any CPU
		{C390C261-720A-4BE6-9074-DA5AD87B66C3}.Release|Any CPU.Build.0 = Release|Any CPU
		{BE32C527-7262-4408-A6E8-06B50486E441}.Debug|Any CPU.ActiveCfg = Debug|Any CPU
		{BE32C527-7262-4408-A6E8-06B50486E441}.Debug|Any CPU.Build.0 = Debug|Any CPU
		{BE32C527-7262-4408-A6E8-06B50486E441}.Release|Any CPU.ActiveCfg = Release|Any CPU
		{BE32C527-7262-4408-A6E8-06B50486E441}.Release|Any CPU.Build.0 = Release|Any CPU
		{E3D386F7-AB78-46F1-BE61-57D0812183A4}.Debug|Any CPU.ActiveCfg = Debug|Any CPU
		{E3D386F7-AB78-46F1-BE61-57D0812183A4}.Debug|Any CPU.Build.0 = Debug|Any CPU
		{E3D386F7-AB78-46F1-BE61-57D0812183A4}.Release|Any CPU.ActiveCfg = Release|Any CPU
		{E3D386F7-AB78-46F1-BE61-57D0812183A4}.Release|Any CPU.Build.0 = Release|Any CPU
		{C170DCE7-0E54-4712-8B7D-32A0AD8BBD84}.Debug|Any CPU.ActiveCfg = Debug|Any CPU
		{C170DCE7-0E54-4712-8B7D-32A0AD8BBD84}.Debug|Any CPU.Build.0 = Debug|Any CPU
		{C170DCE7-0E54-4712-8B7D-32A0AD8BBD84}.Release|Any CPU.ActiveCfg = Release|Any CPU
		{C170DCE7-0E54-4712-8B7D-32A0AD8BBD84}.Release|Any CPU.Build.0 = Release|Any CPU
		{2E81DDFE-178F-44FF-9A30-93C41F8FE42B}.Debug|Any CPU.ActiveCfg = Debug|Any CPU
		{2E81DDFE-178F-44FF-9A30-93C41F8FE42B}.Debug|Any CPU.Build.0 = Debug|Any CPU
		{2E81DDFE-178F-44FF-9A30-93C41F8FE42B}.Release|Any CPU.ActiveCfg = Release|Any CPU
		{2E81DDFE-178F-44FF-9A30-93C41F8FE42B}.Release|Any CPU.Build.0 = Release|Any CPU
		{EC88383F-B221-4BDF-94CC-EA77889BB7FF}.Debug|Any CPU.ActiveCfg = Debug|Any CPU
		{EC88383F-B221-4BDF-94CC-EA77889BB7FF}.Debug|Any CPU.Build.0 = Debug|Any CPU
		{EC88383F-B221-4BDF-94CC-EA77889BB7FF}.Release|Any CPU.ActiveCfg = Release|Any CPU
		{EC88383F-B221-4BDF-94CC-EA77889BB7FF}.Release|Any CPU.Build.0 = Release|Any CPU
		{EC16AADC-B46C-4E30-A96E-E9AC74665D2C}.Debug|Any CPU.ActiveCfg = Debug|Any CPU
		{EC16AADC-B46C-4E30-A96E-E9AC74665D2C}.Debug|Any CPU.Build.0 = Debug|Any CPU
		{EC16AADC-B46C-4E30-A96E-E9AC74665D2C}.Release|Any CPU.ActiveCfg = Release|Any CPU
		{EC16AADC-B46C-4E30-A96E-E9AC74665D2C}.Release|Any CPU.Build.0 = Release|Any CPU
		{37299F00-F0F1-4E0F-BDCE-229B3B506F69}.Debug|Any CPU.ActiveCfg = Debug|Any CPU
		{37299F00-F0F1-4E0F-BDCE-229B3B506F69}.Debug|Any CPU.Build.0 = Debug|Any CPU
		{37299F00-F0F1-4E0F-BDCE-229B3B506F69}.Release|Any CPU.ActiveCfg = Release|Any CPU
		{37299F00-F0F1-4E0F-BDCE-229B3B506F69}.Release|Any CPU.Build.0 = Release|Any CPU
		{7F072D3A-67AB-4FC6-BC5A-36D1ACE8D452}.Debug|Any CPU.ActiveCfg = Debug|Any CPU
		{7F072D3A-67AB-4FC6-BC5A-36D1ACE8D452}.Debug|Any CPU.Build.0 = Debug|Any CPU
		{7F072D3A-67AB-4FC6-BC5A-36D1ACE8D452}.Release|Any CPU.ActiveCfg = Release|Any CPU
		{7F072D3A-67AB-4FC6-BC5A-36D1ACE8D452}.Release|Any CPU.Build.0 = Release|Any CPU
		{A3038F10-E6BB-4F7E-A78A-9AE5E78F38A4}.Debug|Any CPU.ActiveCfg = Debug|Any CPU
		{A3038F10-E6BB-4F7E-A78A-9AE5E78F38A4}.Debug|Any CPU.Build.0 = Debug|Any CPU
		{A3038F10-E6BB-4F7E-A78A-9AE5E78F38A4}.Release|Any CPU.ActiveCfg = Release|Any CPU
		{A3038F10-E6BB-4F7E-A78A-9AE5E78F38A4}.Release|Any CPU.Build.0 = Release|Any CPU
		{BCC45CAA-7948-4318-BC91-6DDBE44D11AD}.Debug|Any CPU.ActiveCfg = Debug|Any CPU
		{BCC45CAA-7948-4318-BC91-6DDBE44D11AD}.Debug|Any CPU.Build.0 = Debug|Any CPU
		{BCC45CAA-7948-4318-BC91-6DDBE44D11AD}.Release|Any CPU.ActiveCfg = Release|Any CPU
		{BCC45CAA-7948-4318-BC91-6DDBE44D11AD}.Release|Any CPU.Build.0 = Release|Any CPU
		{2F757501-C020-4BBE-8AFB-32F30EB3AD70}.Debug|Any CPU.ActiveCfg = Debug|Any CPU
		{2F757501-C020-4BBE-8AFB-32F30EB3AD70}.Debug|Any CPU.Build.0 = Debug|Any CPU
		{2F757501-C020-4BBE-8AFB-32F30EB3AD70}.Release|Any CPU.ActiveCfg = Release|Any CPU
		{2F757501-C020-4BBE-8AFB-32F30EB3AD70}.Release|Any CPU.Build.0 = Release|Any CPU
		{B2C88AD9-8204-4513-B1E4-828AFF91CBB1}.Debug|Any CPU.ActiveCfg = Debug|Any CPU
		{B2C88AD9-8204-4513-B1E4-828AFF91CBB1}.Debug|Any CPU.Build.0 = Debug|Any CPU
		{B2C88AD9-8204-4513-B1E4-828AFF91CBB1}.Release|Any CPU.ActiveCfg = Release|Any CPU
		{B2C88AD9-8204-4513-B1E4-828AFF91CBB1}.Release|Any CPU.Build.0 = Release|Any CPU
		{107A74C6-B461-44B1-A793-0AD9E6A29E65}.Debug|Any CPU.ActiveCfg = Debug|Any CPU
		{107A74C6-B461-44B1-A793-0AD9E6A29E65}.Debug|Any CPU.Build.0 = Debug|Any CPU
		{107A74C6-B461-44B1-A793-0AD9E6A29E65}.Release|Any CPU.ActiveCfg = Release|Any CPU
		{107A74C6-B461-44B1-A793-0AD9E6A29E65}.Release|Any CPU.Build.0 = Release|Any CPU
		{29369BE6-7BBC-4BFC-B430-BF5CB322EC93}.Debug|Any CPU.ActiveCfg = Debug|Any CPU
		{29369BE6-7BBC-4BFC-B430-BF5CB322EC93}.Debug|Any CPU.Build.0 = Debug|Any CPU
		{29369BE6-7BBC-4BFC-B430-BF5CB322EC93}.Release|Any CPU.ActiveCfg = Release|Any CPU
		{29369BE6-7BBC-4BFC-B430-BF5CB322EC93}.Release|Any CPU.Build.0 = Release|Any CPU
		{5CAEB5A1-7ACE-444A-94C1-61C4C11105FA}.Debug|Any CPU.ActiveCfg = Debug|Any CPU
		{5CAEB5A1-7ACE-444A-94C1-61C4C11105FA}.Debug|Any CPU.Build.0 = Debug|Any CPU
		{5CAEB5A1-7ACE-444A-94C1-61C4C11105FA}.Release|Any CPU.ActiveCfg = Release|Any CPU
		{5CAEB5A1-7ACE-444A-94C1-61C4C11105FA}.Release|Any CPU.Build.0 = Release|Any CPU
	EndGlobalSection
	GlobalSection(NestedProjects) = preSolution
		{12EEBA60-33E1-42FA-ABCC-D12389392CE4} = {2FADF165-1C66-48F1-8C63-6EDA0403B8AD}
		{2E81DDFE-178F-44FF-9A30-93C41F8FE42B} = {12EEBA60-33E1-42FA-ABCC-D12389392CE4}
		{BE32C527-7262-4408-A6E8-06B50486E441} = {2FADF165-1C66-48F1-8C63-6EDA0403B8AD}
		{EC88383F-B221-4BDF-94CC-EA77889BB7FF} = {12EEBA60-33E1-42FA-ABCC-D12389392CE4}
		{EC16AADC-B46C-4E30-A96E-E9AC74665D2C} = {12EEBA60-33E1-42FA-ABCC-D12389392CE4}
		{37299F00-F0F1-4E0F-BDCE-229B3B506F69} = {12EEBA60-33E1-42FA-ABCC-D12389392CE4}
		{7F072D3A-67AB-4FC6-BC5A-36D1ACE8D452} = {12EEBA60-33E1-42FA-ABCC-D12389392CE4}
		{1B8EB950-75C8-49D6-8936-15491340DD84} = {2FADF165-1C66-48F1-8C63-6EDA0403B8AD}
		{A3038F10-E6BB-4F7E-A78A-9AE5E78F38A4} = {1B8EB950-75C8-49D6-8936-15491340DD84}
		{BCC45CAA-7948-4318-BC91-6DDBE44D11AD} = {12EEBA60-33E1-42FA-ABCC-D12389392CE4}
		{B2C88AD9-8204-4513-B1E4-828AFF91CBB1} = {12EEBA60-33E1-42FA-ABCC-D12389392CE4}
		{29369BE6-7BBC-4BFC-B430-BF5CB322EC93} = {14CAFE45-A9F4-4E97-B4F9-9AD6ABCA1692}
	EndGlobalSection
EndGlobal
