
Microsoft Visual Studio Solution File, Format Version 12.00
Project("{FAE04EC0-301F-11D3-BF4B-00C04F79EFBC}") = "MicroEngine", "MicroEngine\MicroEngine.csproj", "{C390C261-720A-4BE6-9074-DA5AD87B66C3}"
EndProject
Project("{FAE04EC0-301F-11D3-BF4B-00C04F79EFBC}") = "MicroEngineDemoApp", "MicroEngineDemoApp\MicroEngineDemoApp.csproj", "{BE32C527-7262-4408-A6E8-06B50486E441}"
EndProject
Project("{FAE04EC0-301F-11D3-BF4B-00C04F79EFBC}") = "MicroEngine.Extensions", "MicroEngine.Extensions\MicroEngine.Extensions.csproj", "{E3D386F7-AB78-46F1-BE61-57D0812183A4}"
EndProject
Project("{FAE04EC0-301F-11D3-BF4B-00C04F79EFBC}") = "MicroEngine.Audio", "MicroEngine.Audio\MicroEngine.Audio.csproj", "{C170DCE7-0E54-4712-8B7D-32A0AD8BBD84}"
EndProject
Project("{2150E333-8FDC-42A3-9474-1A3956D46DE8}") = "Demos", "Demos", "{2FADF165-1C66-48F1-8C63-6EDA0403B8AD}"
EndProject
Project("{2150E333-8FDC-42A3-9474-1A3956D46DE8}") = "Audio", "Audio", "{12EEBA60-33E1-42FA-ABCC-D12389392CE4}"
EndProject
Project("{FAE04EC0-301F-11D3-BF4B-00C04F79EFBC}") = "MicroEngine.Demos.Audio.MixerDemo", "MicroEngine.Demos.Audio.MixerDemo\MicroEngine.Demos.Audio.MixerDemo.csproj", "{2E81DDFE-178F-44FF-9A30-93C41F8FE42B}"
EndProject
Global
	GlobalSection(SolutionConfigurationPlatforms) = preSolution
		Debug|Any CPU = Debug|Any CPU
		Release|Any CPU = Release|Any CPU
	EndGlobalSection
	GlobalSection(ProjectConfigurationPlatforms) = postSolution
		{C390C261-720A-4BE6-9074-DA5AD87B66C3}.Debug|Any CPU.ActiveCfg = Debug|Any CPU
		{C390C261-720A-4BE6-9074-DA5AD87B66C3}.Debug|Any CPU.Build.0 = Debug|Any CPU
		{C390C261-720A-4BE6-9074-DA5AD87B66C3}.Release|Any CPU.ActiveCfg = Release|Any CPU
		{C390C261-720A-4BE6-9074-DA5AD87B66C3}.Release|Any CPU.Build.0 = Release|Any CPU
		{BE32C527-7262-4408-A6E8-06B50486E441}.Debug|Any CPU.ActiveCfg = Debug|Any CPU
		{BE32C527-7262-4408-A6E8-06B50486E441}.Debug|Any CPU.Build.0 = Debug|Any CPU
		{BE32C527-7262-4408-A6E8-06B50486E441}.Release|Any CPU.ActiveCfg = Release|Any CPU
		{BE32C527-7262-4408-A6E8-06B50486E441}.Release|Any CPU.Build.0 = Release|Any CPU
		{E3D386F7-AB78-46F1-BE61-57D0812183A4}.Debug|Any CPU.ActiveCfg = Debug|Any CPU
		{E3D386F7-AB78-46F1-BE61-57D0812183A4}.Debug|Any CPU.Build.0 = Debug|Any CPU
		{E3D386F7-AB78-46F1-BE61-57D0812183A4}.Release|Any CPU.ActiveCfg = Release|Any CPU
		{E3D386F7-AB78-46F1-BE61-57D0812183A4}.Release|Any CPU.Build.0 = Release|Any CPU
		{C170DCE7-0E54-4712-8B7D-32A0AD8BBD84}.Debug|Any CPU.ActiveCfg = Debug|Any CPU
		{C170DCE7-0E54-4712-8B7D-32A0AD8BBD84}.Debug|Any CPU.Build.0 = Debug|Any CPU
		{C170DCE7-0E54-4712-8B7D-32A0AD8BBD84}.Release|Any CPU.ActiveCfg = Release|Any CPU
		{C170DCE7-0E54-4712-8B7D-32A0AD8BBD84}.Release|Any CPU.Build.0 = Release|Any CPU
		{2E81DDFE-178F-44FF-9A30-93C41F8FE42B}.Debug|Any CPU.ActiveCfg = Debug|Any CPU
		{2E81DDFE-178F-44FF-9A30-93C41F8FE42B}.Debug|Any CPU.Build.0 = Debug|Any CPU
		{2E81DDFE-178F-44FF-9A30-93C41F8FE42B}.Release|Any CPU.ActiveCfg = Release|Any CPU
		{2E81DDFE-178F-44FF-9A30-93C41F8FE42B}.Release|Any CPU.Build.0 = Release|Any CPU
	EndGlobalSection
	GlobalSection(NestedProjects) = preSolution
		{12EEBA60-33E1-42FA-ABCC-D12389392CE4} = {2FADF165-1C66-48F1-8C63-6EDA0403B8AD}
		{2E81DDFE-178F-44FF-9A30-93C41F8FE42B} = {12EEBA60-33E1-42FA-ABCC-D12389392CE4}
		{BE32C527-7262-4408-A6E8-06B50486E441} = {2FADF165-1C66-48F1-8C63-6EDA0403B8AD}
	EndGlobalSection
EndGlobal
